
Microsoft Visual Studio Solution File, Format Version 12.00
# Visual Studio 15
VisualStudioVersion = 15.0.28307.168
MinimumVisualStudioVersion = 10.0.40219.1
Project("{9A19103F-16F7-4668-BE54-9A1E7A4F7556}") = "WdtA2Api", "WdtA2Api\WdtA2Api.csproj", "{86D519A3-1B0F-44EC-8649-A77EC032F140}"
EndProject
Project("{E53339B2-1760-4266-BCC7-CA923CBCF16C}") = "docker-compose", "docker-compose.dcproj", "{9A1F7B6C-4D51-4FD2-ADD7-6BF1CDB473A2}"
EndProject
Project("{9A19103F-16F7-4668-BE54-9A1E7A4F7556}") = "WdtApiLogin", "WdtApiLogin\WdtApiLogin.csproj", "{4D42F1C3-6936-4725-AC01-2430F2BF80DE}"
EndProject
Project("{FAE04EC0-301F-11D3-BF4B-00C04F79EFBC}") = "WdtUtils", "WdtUtils\WdtUtils.csproj", "{3610DD94-85BD-4567-B6F6-2A711963AB75}"
EndProject
Global
	GlobalSection(SolutionConfigurationPlatforms) = preSolution
		Debug|Any CPU = Debug|Any CPU
		Release|Any CPU = Release|Any CPU
	EndGlobalSection
	GlobalSection(ProjectConfigurationPlatforms) = postSolution
		{86D519A3-1B0F-44EC-8649-A77EC032F140}.Debug|Any CPU.ActiveCfg = Debug|Any CPU
		{86D519A3-1B0F-44EC-8649-A77EC032F140}.Debug|Any CPU.Build.0 = Debug|Any CPU
		{86D519A3-1B0F-44EC-8649-A77EC032F140}.Release|Any CPU.ActiveCfg = Release|Any CPU
		{86D519A3-1B0F-44EC-8649-A77EC032F140}.Release|Any CPU.Build.0 = Release|Any CPU
		{9A1F7B6C-4D51-4FD2-ADD7-6BF1CDB473A2}.Debug|Any CPU.ActiveCfg = Debug|Any CPU
		{9A1F7B6C-4D51-4FD2-ADD7-6BF1CDB473A2}.Debug|Any CPU.Build.0 = Debug|Any CPU
		{9A1F7B6C-4D51-4FD2-ADD7-6BF1CDB473A2}.Release|Any CPU.ActiveCfg = Release|Any CPU
		{9A1F7B6C-4D51-4FD2-ADD7-6BF1CDB473A2}.Release|Any CPU.Build.0 = Release|Any CPU
		{4D42F1C3-6936-4725-AC01-2430F2BF80DE}.Debug|Any CPU.ActiveCfg = Debug|Any CPU
		{4D42F1C3-6936-4725-AC01-2430F2BF80DE}.Debug|Any CPU.Build.0 = Debug|Any CPU
		{4D42F1C3-6936-4725-AC01-2430F2BF80DE}.Release|Any CPU.ActiveCfg = Release|Any CPU
		{4D42F1C3-6936-4725-AC01-2430F2BF80DE}.Release|Any CPU.Build.0 = Release|Any CPU
		{3610DD94-85BD-4567-B6F6-2A711963AB75}.Debug|Any CPU.ActiveCfg = Debug|Any CPU
		{3610DD94-85BD-4567-B6F6-2A711963AB75}.Debug|Any CPU.Build.0 = Debug|Any CPU
		{3610DD94-85BD-4567-B6F6-2A711963AB75}.Release|Any CPU.ActiveCfg = Release|Any CPU
		{3610DD94-85BD-4567-B6F6-2A711963AB75}.Release|Any CPU.Build.0 = Release|Any CPU
	EndGlobalSection
	GlobalSection(SolutionProperties) = preSolution
		HideSolutionNode = FALSE
	EndGlobalSection
	GlobalSection(ExtensibilityGlobals) = postSolution
		SolutionGuid = {750CA428-CE2E-47BD-A510-CB8AEF56513A}
	EndGlobalSection
EndGlobal
